// !$*UTF8*$!
{
	archiveVersion = 1;
	classes = {
	};
	objectVersion = 46;
	objects = {

/* Begin PBXBuildFile section */
		9A49ED9320BB9F73008A7899 /* libc++.tbd in Frameworks */ = {isa = PBXBuildFile; fileRef = 9A49ED9220BB9F73008A7899 /* libc++.tbd */; };
		9A9E9C5120BE80E700B7C92B /* libavutil.a in Frameworks */ = {isa = PBXBuildFile; fileRef = 9A9E9BD420BE80E600B7C92B /* libavutil.a */; };
		9A9E9C5220BE80E700B7C92B /* libavfilter.a in Frameworks */ = {isa = PBXBuildFile; fileRef = 9A9E9BD520BE80E600B7C92B /* libavfilter.a */; };
		9A9E9C5320BE80E700B7C92B /* libavcodec.a in Frameworks */ = {isa = PBXBuildFile; fileRef = 9A9E9BD620BE80E600B7C92B /* libavcodec.a */; };
		9A9E9C5420BE80E700B7C92B /* libFFmpeg.a in Frameworks */ = {isa = PBXBuildFile; fileRef = 9A9E9BD720BE80E600B7C92B /* libFFmpeg.a */; };
		9A9E9C5520BE80E700B7C92B /* libavformat.a in Frameworks */ = {isa = PBXBuildFile; fileRef = 9A9E9BD820BE80E600B7C92B /* libavformat.a */; };
		9A9E9C5620BE80E700B7C92B /* libavdevice.a in Frameworks */ = {isa = PBXBuildFile; fileRef = 9A9E9BD920BE80E600B7C92B /* libavdevice.a */; };
		9A9E9C5720BE80E700B7C92B /* libswresample.a in Frameworks */ = {isa = PBXBuildFile; fileRef = 9A9E9BDA20BE80E600B7C92B /* libswresample.a */; };
		9A9E9C5820BE80E700B7C92B /* libswscale.a in Frameworks */ = {isa = PBXBuildFile; fileRef = 9A9E9BDB20BE80E600B7C92B /* libswscale.a */; };
		B967BD8C1E89493700230801 /* main.m in Sources */ = {isa = PBXBuildFile; fileRef = B967BD8B1E89493700230801 /* main.m */; };
		B967BD8F1E89493700230801 /* AppDelegate.m in Sources */ = {isa = PBXBuildFile; fileRef = B967BD8E1E89493700230801 /* AppDelegate.m */; };
		B967BD921E89493700230801 /* ViewController.m in Sources */ = {isa = PBXBuildFile; fileRef = B967BD911E89493700230801 /* ViewController.m */; };
		B967BD951E89493700230801 /* Main.storyboard in Resources */ = {isa = PBXBuildFile; fileRef = B967BD931E89493700230801 /* Main.storyboard */; };
		B967BD971E89493700230801 /* Assets.xcassets in Resources */ = {isa = PBXBuildFile; fileRef = B967BD961E89493700230801 /* Assets.xcassets */; };
		B967BD9A1E89493700230801 /* LaunchScreen.storyboard in Resources */ = {isa = PBXBuildFile; fileRef = B967BD981E89493700230801 /* LaunchScreen.storyboard */; };
		B967BDA51E89493700230801 /* FFmpeg___Tests.m in Sources */ = {isa = PBXBuildFile; fileRef = B967BDA41E89493700230801 /* FFmpeg___Tests.m */; };
		B967BDB01E89493800230801 /* FFmpeg___UITests.m in Sources */ = {isa = PBXBuildFile; fileRef = B967BDAF1E89493800230801 /* FFmpeg___UITests.m */; };
		B967BE3A1E8949A400230801 /* CoreMedia.framework in Frameworks */ = {isa = PBXBuildFile; fileRef = B967BE391E8949A400230801 /* CoreMedia.framework */; };
		B967BE3C1E8949AB00230801 /* libz.tbd in Frameworks */ = {isa = PBXBuildFile; fileRef = B967BE3B1E8949AB00230801 /* libz.tbd */; };
		B967BE3E1E8949BF00230801 /* libiconv.tbd in Frameworks */ = {isa = PBXBuildFile; fileRef = B967BE3D1E8949BF00230801 /* libiconv.tbd */; };
		B967BE401E8949CC00230801 /* libbz2.tbd in Frameworks */ = {isa = PBXBuildFile; fileRef = B967BE3F1E8949CC00230801 /* libbz2.tbd */; };
		B967BE421E8949D600230801 /* AVFoundation.framework in Frameworks */ = {isa = PBXBuildFile; fileRef = B967BE411E8949D600230801 /* AVFoundation.framework */; };
		B967BE441E89582800230801 /* 1.mp4 in Resources */ = {isa = PBXBuildFile; fileRef = B967BE431E89582800230801 /* 1.mp4 */; };
		B9FFD3641E89F8DE005BC2FE /* ff.jpg in Resources */ = {isa = PBXBuildFile; fileRef = B9FFD3631E89F8DE005BC2FE /* ff.jpg */; };
/* End PBXBuildFile section */

/* Begin PBXContainerItemProxy section */
		B967BDA11E89493700230801 /* PBXContainerItemProxy */ = {
			isa = PBXContainerItemProxy;
			containerPortal = B967BD7F1E89493700230801 /* Project object */;
			proxyType = 1;
			remoteGlobalIDString = B967BD861E89493700230801;
			remoteInfo = "FFmpeg命令行";
		};
		B967BDAC1E89493800230801 /* PBXContainerItemProxy */ = {
			isa = PBXContainerItemProxy;
			containerPortal = B967BD7F1E89493700230801 /* Project object */;
			proxyType = 1;
			remoteGlobalIDString = B967BD861E89493700230801;
			remoteInfo = "FFmpeg命令行";
		};
/* End PBXContainerItemProxy section */

/* Begin PBXFileReference section */
		9A49ED9220BB9F73008A7899 /* libc++.tbd */ = {isa = PBXFileReference; lastKnownFileType = "sourcecode.text-based-dylib-definition"; name = "libc++.tbd"; path = "usr/lib/libc++.tbd"; sourceTree = SDKROOT; };
		9A9E9BD420BE80E600B7C92B /* libavutil.a */ = {isa = PBXFileReference; lastKnownFileType = archive.ar; path = libavutil.a; sourceTree = "<group>"; };
		9A9E9BD520BE80E600B7C92B /* libavfilter.a */ = {isa = PBXFileReference; lastKnownFileType = archive.ar; path = libavfilter.a; sourceTree = "<group>"; };
		9A9E9BD620BE80E600B7C92B /* libavcodec.a */ = {isa = PBXFileReference; lastKnownFileType = archive.ar; path = libavcodec.a; sourceTree = "<group>"; };
		9A9E9BD720BE80E600B7C92B /* libFFmpeg.a */ = {isa = PBXFileReference; lastKnownFileType = archive.ar; path = libFFmpeg.a; sourceTree = "<group>"; };
		9A9E9BD820BE80E600B7C92B /* libavformat.a */ = {isa = PBXFileReference; lastKnownFileType = archive.ar; path = libavformat.a; sourceTree = "<group>"; };
		9A9E9BD920BE80E600B7C92B /* libavdevice.a */ = {isa = PBXFileReference; lastKnownFileType = archive.ar; path = libavdevice.a; sourceTree = "<group>"; };
		9A9E9BDA20BE80E600B7C92B /* libswresample.a */ = {isa = PBXFileReference; lastKnownFileType = archive.ar; path = libswresample.a; sourceTree = "<group>"; };
		9A9E9BDB20BE80E600B7C92B /* libswscale.a */ = {isa = PBXFileReference; lastKnownFileType = archive.ar; path = libswscale.a; sourceTree = "<group>"; };
		9A9E9BDE20BE80E600B7C92B /* version.h */ = {isa = PBXFileReference; fileEncoding = 4; lastKnownFileType = sourcecode.c.h; path = version.h; sourceTree = "<group>"; };
		9A9E9BDF20BE80E600B7C92B /* buffersrc.h */ = {isa = PBXFileReference; fileEncoding = 4; lastKnownFileType = sourcecode.c.h; path = buffersrc.h; sourceTree = "<group>"; };
		9A9E9BE020BE80E600B7C92B /* buffersink.h */ = {isa = PBXFileReference; fileEncoding = 4; lastKnownFileType = sourcecode.c.h; path = buffersink.h; sourceTree = "<group>"; };
		9A9E9BE120BE80E600B7C92B /* avfilter.h */ = {isa = PBXFileReference; fileEncoding = 4; lastKnownFileType = sourcecode.c.h; path = avfilter.h; sourceTree = "<group>"; };
		9A9E9BE220BE80E600B7C92B /* avfiltergraph.h */ = {isa = PBXFileReference; fileEncoding = 4; lastKnownFileType = sourcecode.c.h; path = avfiltergraph.h; sourceTree = "<group>"; };
		9A9E9BE420BE80E600B7C92B /* hwcontext.h */ = {isa = PBXFileReference; fileEncoding = 4; lastKnownFileType = sourcecode.c.h; path = hwcontext.h; sourceTree = "<group>"; };
		9A9E9BE520BE80E600B7C92B /* time.h */ = {isa = PBXFileReference; fileEncoding = 4; lastKnownFileType = sourcecode.c.h; path = time.h; sourceTree = "<group>"; };
		9A9E9BE620BE80E600B7C92B /* hwcontext_cuda.h */ = {isa = PBXFileReference; fileEncoding = 4; lastKnownFileType = sourcecode.c.h; path = hwcontext_cuda.h; sourceTree = "<group>"; };
		9A9E9BE720BE80E600B7C92B /* intfloat.h */ = {isa = PBXFileReference; fileEncoding = 4; lastKnownFileType = sourcecode.c.h; path = intfloat.h; sourceTree = "<group>"; };
		9A9E9BE820BE80E600B7C92B /* error.h */ = {isa = PBXFileReference; fileEncoding = 4; lastKnownFileType = sourcecode.c.h; path = error.h; sourceTree = "<group>"; };
		9A9E9BE920BE80E600B7C92B /* fifo.h */ = {isa = PBXFileReference; fileEncoding = 4; lastKnownFileType = sourcecode.c.h; path = fifo.h; sourceTree = "<group>"; };
		9A9E9BEA20BE80E600B7C92B /* blowfish.h */ = {isa = PBXFileReference; fileEncoding = 4; lastKnownFileType = sourcecode.c.h; path = blowfish.h; sourceTree = "<group>"; };
		9A9E9BEB20BE80E600B7C92B /* replaygain.h */ = {isa = PBXFileReference; fileEncoding = 4; lastKnownFileType = sourcecode.c.h; path = replaygain.h; sourceTree = "<group>"; };
		9A9E9BEC20BE80E600B7C92B /* version.h */ = {isa = PBXFileReference; fileEncoding = 4; lastKnownFileType = sourcecode.c.h; path = version.h; sourceTree = "<group>"; };
		9A9E9BED20BE80E600B7C92B /* murmur3.h */ = {isa = PBXFileReference; fileEncoding = 4; lastKnownFileType = sourcecode.c.h; path = murmur3.h; sourceTree = "<group>"; };
		9A9E9BEE20BE80E600B7C92B /* stereo3d.h */ = {isa = PBXFileReference; fileEncoding = 4; lastKnownFileType = sourcecode.c.h; path = stereo3d.h; sourceTree = "<group>"; };
		9A9E9BEF20BE80E600B7C92B /* samplefmt.h */ = {isa = PBXFileReference; fileEncoding = 4; lastKnownFileType = sourcecode.c.h; path = samplefmt.h; sourceTree = "<group>"; };
		9A9E9BF020BE80E600B7C92B /* pixdesc.h */ = {isa = PBXFileReference; fileEncoding = 4; lastKnownFileType = sourcecode.c.h; path = pixdesc.h; sourceTree = "<group>"; };
		9A9E9BF120BE80E600B7C92B /* base64.h */ = {isa = PBXFileReference; fileEncoding = 4; lastKnownFileType = sourcecode.c.h; path = base64.h; sourceTree = "<group>"; };
		9A9E9BF220BE80E600B7C92B /* rational.h */ = {isa = PBXFileReference; fileEncoding = 4; lastKnownFileType = sourcecode.c.h; path = rational.h; sourceTree = "<group>"; };
		9A9E9BF320BE80E600B7C92B /* sha.h */ = {isa = PBXFileReference; fileEncoding = 4; lastKnownFileType = sourcecode.c.h; path = sha.h; sourceTree = "<group>"; };
		9A9E9BF420BE80E600B7C92B /* motion_vector.h */ = {isa = PBXFileReference; fileEncoding = 4; lastKnownFileType = sourcecode.c.h; path = motion_vector.h; sourceTree = "<group>"; };
		9A9E9BF520BE80E600B7C92B /* avconfig.h */ = {isa = PBXFileReference; fileEncoding = 4; lastKnownFileType = sourcecode.c.h; path = avconfig.h; sourceTree = "<group>"; };
		9A9E9BF620BE80E600B7C92B /* lfg.h */ = {isa = PBXFileReference; fileEncoding = 4; lastKnownFileType = sourcecode.c.h; path = lfg.h; sourceTree = "<group>"; };
		9A9E9BF720BE80E600B7C92B /* avutil.h */ = {isa = PBXFileReference; fileEncoding = 4; lastKnownFileType = sourcecode.c.h; path = avutil.h; sourceTree = "<group>"; };
		9A9E9BF820BE80E600B7C92B /* xtea.h */ = {isa = PBXFileReference; fileEncoding = 4; lastKnownFileType = sourcecode.c.h; path = xtea.h; sourceTree = "<group>"; };
		9A9E9BF920BE80E600B7C92B /* crc.h */ = {isa = PBXFileReference; fileEncoding = 4; lastKnownFileType = sourcecode.c.h; path = crc.h; sourceTree = "<group>"; };
		9A9E9BFA20BE80E600B7C92B /* hwcontext_vdpau.h */ = {isa = PBXFileReference; fileEncoding = 4; lastKnownFileType = sourcecode.c.h; path = hwcontext_vdpau.h; sourceTree = "<group>"; };
		9A9E9BFB20BE80E600B7C92B /* frame.h */ = {isa = PBXFileReference; fileEncoding = 4; lastKnownFileType = sourcecode.c.h; path = frame.h; sourceTree = "<group>"; };
		9A9E9BFC20BE80E600B7C92B /* file.h */ = {isa = PBXFileReference; fileEncoding = 4; lastKnownFileType = sourcecode.c.h; path = file.h; sourceTree = "<group>"; };
		9A9E9BFD20BE80E600B7C92B /* md5.h */ = {isa = PBXFileReference; fileEncoding = 4; lastKnownFileType = sourcecode.c.h; path = md5.h; sourceTree = "<group>"; };
		9A9E9BFE20BE80E600B7C92B /* cast5.h */ = {isa = PBXFileReference; fileEncoding = 4; lastKnownFileType = sourcecode.c.h; path = cast5.h; sourceTree = "<group>"; };
		9A9E9BFF20BE80E600B7C92B /* hwcontext_vaapi.h */ = {isa = PBXFileReference; fileEncoding = 4; lastKnownFileType = sourcecode.c.h; path = hwcontext_vaapi.h; sourceTree = "<group>"; };
		9A9E9C0020BE80E600B7C92B /* spherical.h */ = {isa = PBXFileReference; fileEncoding = 4; lastKnownFileType = sourcecode.c.h; path = spherical.h; sourceTree = "<group>"; };
		9A9E9C0120BE80E600B7C92B /* ffversion.h */ = {isa = PBXFileReference; fileEncoding = 4; lastKnownFileType = sourcecode.c.h; path = ffversion.h; sourceTree = "<group>"; };
		9A9E9C0220BE80E600B7C92B /* audio_fifo.h */ = {isa = PBXFileReference; fileEncoding = 4; lastKnownFileType = sourcecode.c.h; path = audio_fifo.h; sourceTree = "<group>"; };
		9A9E9C0320BE80E600B7C92B /* tree.h */ = {isa = PBXFileReference; fileEncoding = 4; lastKnownFileType = sourcecode.c.h; path = tree.h; sourceTree = "<group>"; };
		9A9E9C0420BE80E600B7C92B /* threadmessage.h */ = {isa = PBXFileReference; fileEncoding = 4; lastKnownFileType = sourcecode.c.h; path = threadmessage.h; sourceTree = "<group>"; };
		9A9E9C0520BE80E600B7C92B /* attributes.h */ = {isa = PBXFileReference; fileEncoding = 4; lastKnownFileType = sourcecode.c.h; path = attributes.h; sourceTree = "<group>"; };
		9A9E9C0620BE80E600B7C92B /* adler32.h */ = {isa = PBXFileReference; fileEncoding = 4; lastKnownFileType = sourcecode.c.h; path = adler32.h; sourceTree = "<group>"; };
		9A9E9C0720BE80E600B7C92B /* hwcontext_d3d11va.h */ = {isa = PBXFileReference; fileEncoding = 4; lastKnownFileType = sourcecode.c.h; path = hwcontext_d3d11va.h; sourceTree = "<group>"; };
		9A9E9C0820BE80E600B7C92B /* timecode.h */ = {isa = PBXFileReference; fileEncoding = 4; lastKnownFileType = sourcecode.c.h; path = timecode.h; sourceTree = "<group>"; };
		9A9E9C0920BE80E600B7C92B /* sha512.h */ = {isa = PBXFileReference; fileEncoding = 4; lastKnownFileType = sourcecode.c.h; path = sha512.h; sourceTree = "<group>"; };
		9A9E9C0A20BE80E600B7C92B /* hwcontext_dxva2.h */ = {isa = PBXFileReference; fileEncoding = 4; lastKnownFileType = sourcecode.c.h; path = hwcontext_dxva2.h; sourceTree = "<group>"; };
		9A9E9C0B20BE80E600B7C92B /* display.h */ = {isa = PBXFileReference; fileEncoding = 4; lastKnownFileType = sourcecode.c.h; path = display.h; sourceTree = "<group>"; };
		9A9E9C0C20BE80E600B7C92B /* buffer.h */ = {isa = PBXFileReference; fileEncoding = 4; lastKnownFileType = sourcecode.c.h; path = buffer.h; sourceTree = "<group>"; };
		9A9E9C0D20BE80E600B7C92B /* camellia.h */ = {isa = PBXFileReference; fileEncoding = 4; lastKnownFileType = sourcecode.c.h; path = camellia.h; sourceTree = "<group>"; };
		9A9E9C0E20BE80E600B7C92B /* pixelutils.h */ = {isa = PBXFileReference; fileEncoding = 4; lastKnownFileType = sourcecode.c.h; path = pixelutils.h; sourceTree = "<group>"; };
		9A9E9C0F20BE80E600B7C92B /* hwcontext_drm.h */ = {isa = PBXFileReference; fileEncoding = 4; lastKnownFileType = sourcecode.c.h; path = hwcontext_drm.h; sourceTree = "<group>"; };
		9A9E9C1020BE80E600B7C92B /* common.h */ = {isa = PBXFileReference; fileEncoding = 4; lastKnownFileType = sourcecode.c.h; path = common.h; sourceTree = "<group>"; };
		9A9E9C1120BE80E600B7C92B /* hmac.h */ = {isa = PBXFileReference; fileEncoding = 4; lastKnownFileType = sourcecode.c.h; path = hmac.h; sourceTree = "<group>"; };
		9A9E9C1220BE80E600B7C92B /* eval.h */ = {isa = PBXFileReference; fileEncoding = 4; lastKnownFileType = sourcecode.c.h; path = eval.h; sourceTree = "<group>"; };
		9A9E9C1320BE80E600B7C92B /* dict.h */ = {isa = PBXFileReference; fileEncoding = 4; lastKnownFileType = sourcecode.c.h; path = dict.h; sourceTree = "<group>"; };
		9A9E9C1420BE80E600B7C92B /* random_seed.h */ = {isa = PBXFileReference; fileEncoding = 4; lastKnownFileType = sourcecode.c.h; path = random_seed.h; sourceTree = "<group>"; };
		9A9E9C1520BE80E600B7C92B /* opt.h */ = {isa = PBXFileReference; fileEncoding = 4; lastKnownFileType = sourcecode.c.h; path = opt.h; sourceTree = "<group>"; };
		9A9E9C1620BE80E600B7C92B /* mastering_display_metadata.h */ = {isa = PBXFileReference; fileEncoding = 4; lastKnownFileType = sourcecode.c.h; path = mastering_display_metadata.h; sourceTree = "<group>"; };
		9A9E9C1720BE80E600B7C92B /* log.h */ = {isa = PBXFileReference; fileEncoding = 4; lastKnownFileType = sourcecode.c.h; path = log.h; sourceTree = "<group>"; };
		9A9E9C1820BE80E600B7C92B /* aes.h */ = {isa = PBXFileReference; fileEncoding = 4; lastKnownFileType = sourcecode.c.h; path = aes.h; sourceTree = "<group>"; };
		9A9E9C1920BE80E600B7C92B /* macros.h */ = {isa = PBXFileReference; fileEncoding = 4; lastKnownFileType = sourcecode.c.h; path = macros.h; sourceTree = "<group>"; };
		9A9E9C1A20BE80E600B7C92B /* bswap.h */ = {isa = PBXFileReference; fileEncoding = 4; lastKnownFileType = sourcecode.c.h; path = bswap.h; sourceTree = "<group>"; };
		9A9E9C1B20BE80E700B7C92B /* rc4.h */ = {isa = PBXFileReference; fileEncoding = 4; lastKnownFileType = sourcecode.c.h; path = rc4.h; sourceTree = "<group>"; };
		9A9E9C1C20BE80E700B7C92B /* tea.h */ = {isa = PBXFileReference; fileEncoding = 4; lastKnownFileType = sourcecode.c.h; path = tea.h; sourceTree = "<group>"; };
		9A9E9C1D20BE80E700B7C92B /* cpu.h */ = {isa = PBXFileReference; fileEncoding = 4; lastKnownFileType = sourcecode.c.h; path = cpu.h; sourceTree = "<group>"; };
		9A9E9C1E20BE80E700B7C92B /* lzo.h */ = {isa = PBXFileReference; fileEncoding = 4; lastKnownFileType = sourcecode.c.h; path = lzo.h; sourceTree = "<group>"; };
		9A9E9C1F20BE80E700B7C92B /* des.h */ = {isa = PBXFileReference; fileEncoding = 4; lastKnownFileType = sourcecode.c.h; path = des.h; sourceTree = "<group>"; };
		9A9E9C2020BE80E700B7C92B /* channel_layout.h */ = {isa = PBXFileReference; fileEncoding = 4; lastKnownFileType = sourcecode.c.h; path = channel_layout.h; sourceTree = "<group>"; };
		9A9E9C2120BE80E700B7C92B /* twofish.h */ = {isa = PBXFileReference; fileEncoding = 4; lastKnownFileType = sourcecode.c.h; path = twofish.h; sourceTree = "<group>"; };
		9A9E9C2220BE80E700B7C92B /* imgutils.h */ = {isa = PBXFileReference; fileEncoding = 4; lastKnownFileType = sourcecode.c.h; path = imgutils.h; sourceTree = "<group>"; };
		9A9E9C2320BE80E700B7C92B /* hwcontext_videotoolbox.h */ = {isa = PBXFileReference; fileEncoding = 4; lastKnownFileType = sourcecode.c.h; path = hwcontext_videotoolbox.h; sourceTree = "<group>"; };
		9A9E9C2420BE80E700B7C92B /* mem.h */ = {isa = PBXFileReference; fileEncoding = 4; lastKnownFileType = sourcecode.c.h; path = mem.h; sourceTree = "<group>"; };
		9A9E9C2520BE80E700B7C92B /* parseutils.h */ = {isa = PBXFileReference; fileEncoding = 4; lastKnownFileType = sourcecode.c.h; path = parseutils.h; sourceTree = "<group>"; };
		9A9E9C2620BE80E700B7C92B /* ripemd.h */ = {isa = PBXFileReference; fileEncoding = 4; lastKnownFileType = sourcecode.c.h; path = ripemd.h; sourceTree = "<group>"; };
		9A9E9C2720BE80E700B7C92B /* bprint.h */ = {isa = PBXFileReference; fileEncoding = 4; lastKnownFileType = sourcecode.c.h; path = bprint.h; sourceTree = "<group>"; };
		9A9E9C2820BE80E700B7C92B /* hwcontext_qsv.h */ = {isa = PBXFileReference; fileEncoding = 4; lastKnownFileType = sourcecode.c.h; path = hwcontext_qsv.h; sourceTree = "<group>"; };
		9A9E9C2920BE80E700B7C92B /* pixfmt.h */ = {isa = PBXFileReference; fileEncoding = 4; lastKnownFileType = sourcecode.c.h; path = pixfmt.h; sourceTree = "<group>"; };
		9A9E9C2A20BE80E700B7C92B /* aes_ctr.h */ = {isa = PBXFileReference; fileEncoding = 4; lastKnownFileType = sourcecode.c.h; path = aes_ctr.h; sourceTree = "<group>"; };
		9A9E9C2B20BE80E700B7C92B /* timestamp.h */ = {isa = PBXFileReference; fileEncoding = 4; lastKnownFileType = sourcecode.c.h; path = timestamp.h; sourceTree = "<group>"; };
		9A9E9C2C20BE80E700B7C92B /* downmix_info.h */ = {isa = PBXFileReference; fileEncoding = 4; lastKnownFileType = sourcecode.c.h; path = downmix_info.h; sourceTree = "<group>"; };
		9A9E9C2D20BE80E700B7C92B /* avassert.h */ = {isa = PBXFileReference; fileEncoding = 4; lastKnownFileType = sourcecode.c.h; path = avassert.h; sourceTree = "<group>"; };
		9A9E9C2E20BE80E700B7C92B /* hash.h */ = {isa = PBXFileReference; fileEncoding = 4; lastKnownFileType = sourcecode.c.h; path = hash.h; sourceTree = "<group>"; };
		9A9E9C2F20BE80E700B7C92B /* mathematics.h */ = {isa = PBXFileReference; fileEncoding = 4; lastKnownFileType = sourcecode.c.h; path = mathematics.h; sourceTree = "<group>"; };
		9A9E9C3020BE80E700B7C92B /* intreadwrite.h */ = {isa = PBXFileReference; fileEncoding = 4; lastKnownFileType = sourcecode.c.h; path = intreadwrite.h; sourceTree = "<group>"; };
		9A9E9C3120BE80E700B7C92B /* avstring.h */ = {isa = PBXFileReference; fileEncoding = 4; lastKnownFileType = sourcecode.c.h; path = avstring.h; sourceTree = "<group>"; };
		9A9E9C3320BE80E700B7C92B /* version.h */ = {isa = PBXFileReference; fileEncoding = 4; lastKnownFileType = sourcecode.c.h; path = version.h; sourceTree = "<group>"; };
		9A9E9C3420BE80E700B7C92B /* avdevice.h */ = {isa = PBXFileReference; fileEncoding = 4; lastKnownFileType = sourcecode.c.h; path = avdevice.h; sourceTree = "<group>"; };
		9A9E9C3620BE80E700B7C92B /* version.h */ = {isa = PBXFileReference; fileEncoding = 4; lastKnownFileType = sourcecode.c.h; path = version.h; sourceTree = "<group>"; };
		9A9E9C3720BE80E700B7C92B /* avio.h */ = {isa = PBXFileReference; fileEncoding = 4; lastKnownFileType = sourcecode.c.h; path = avio.h; sourceTree = "<group>"; };
		9A9E9C3820BE80E700B7C92B /* avformat.h */ = {isa = PBXFileReference; fileEncoding = 4; lastKnownFileType = sourcecode.c.h; path = avformat.h; sourceTree = "<group>"; };
		9A9E9C3A20BE80E700B7C92B /* version.h */ = {isa = PBXFileReference; fileEncoding = 4; lastKnownFileType = sourcecode.c.h; path = version.h; sourceTree = "<group>"; };
		9A9E9C3B20BE80E700B7C92B /* swscale.h */ = {isa = PBXFileReference; fileEncoding = 4; lastKnownFileType = sourcecode.c.h; path = swscale.h; sourceTree = "<group>"; };
		9A9E9C3D20BE80E700B7C92B /* avcodec.h */ = {isa = PBXFileReference; fileEncoding = 4; lastKnownFileType = sourcecode.c.h; path = avcodec.h; sourceTree = "<group>"; };
		9A9E9C3E20BE80E700B7C92B /* version.h */ = {isa = PBXFileReference; fileEncoding = 4; lastKnownFileType = sourcecode.c.h; path = version.h; sourceTree = "<group>"; };
		9A9E9C3F20BE80E700B7C92B /* vdpau.h */ = {isa = PBXFileReference; fileEncoding = 4; lastKnownFileType = sourcecode.c.h; path = vdpau.h; sourceTree = "<group>"; };
		9A9E9C4020BE80E700B7C92B /* qsv.h */ = {isa = PBXFileReference; fileEncoding = 4; lastKnownFileType = sourcecode.c.h; path = qsv.h; sourceTree = "<group>"; };
		9A9E9C4120BE80E700B7C92B /* vaapi.h */ = {isa = PBXFileReference; fileEncoding = 4; lastKnownFileType = sourcecode.c.h; path = vaapi.h; sourceTree = "<group>"; };
		9A9E9C4220BE80E700B7C92B /* videotoolbox.h */ = {isa = PBXFileReference; fileEncoding = 4; lastKnownFileType = sourcecode.c.h; path = videotoolbox.h; sourceTree = "<group>"; };
		9A9E9C4320BE80E700B7C92B /* xvmc.h */ = {isa = PBXFileReference; fileEncoding = 4; lastKnownFileType = sourcecode.c.h; path = xvmc.h; sourceTree = "<group>"; };
		9A9E9C4420BE80E700B7C92B /* mediacodec.h */ = {isa = PBXFileReference; fileEncoding = 4; lastKnownFileType = sourcecode.c.h; path = mediacodec.h; sourceTree = "<group>"; };
		9A9E9C4520BE80E700B7C92B /* d3d11va.h */ = {isa = PBXFileReference; fileEncoding = 4; lastKnownFileType = sourcecode.c.h; path = d3d11va.h; sourceTree = "<group>"; };
		9A9E9C4620BE80E700B7C92B /* avfft.h */ = {isa = PBXFileReference; fileEncoding = 4; lastKnownFileType = sourcecode.c.h; path = avfft.h; sourceTree = "<group>"; };
		9A9E9C4720BE80E700B7C92B /* vda.h */ = {isa = PBXFileReference; fileEncoding = 4; lastKnownFileType = sourcecode.c.h; path = vda.h; sourceTree = "<group>"; };
		9A9E9C4820BE80E700B7C92B /* jni.h */ = {isa = PBXFileReference; fileEncoding = 4; lastKnownFileType = sourcecode.c.h; path = jni.h; sourceTree = "<group>"; };
		9A9E9C4920BE80E700B7C92B /* dirac.h */ = {isa = PBXFileReference; fileEncoding = 4; lastKnownFileType = sourcecode.c.h; path = dirac.h; sourceTree = "<group>"; };
		9A9E9C4A20BE80E700B7C92B /* avdct.h */ = {isa = PBXFileReference; fileEncoding = 4; lastKnownFileType = sourcecode.c.h; path = avdct.h; sourceTree = "<group>"; };
		9A9E9C4B20BE80E700B7C92B /* vorbis_parser.h */ = {isa = PBXFileReference; fileEncoding = 4; lastKnownFileType = sourcecode.c.h; path = vorbis_parser.h; sourceTree = "<group>"; };
		9A9E9C4C20BE80E700B7C92B /* dxva2.h */ = {isa = PBXFileReference; fileEncoding = 4; lastKnownFileType = sourcecode.c.h; path = dxva2.h; sourceTree = "<group>"; };
		9A9E9C4D20BE80E700B7C92B /* dv_profile.h */ = {isa = PBXFileReference; fileEncoding = 4; lastKnownFileType = sourcecode.c.h; path = dv_profile.h; sourceTree = "<group>"; };
		9A9E9C4F20BE80E700B7C92B /* version.h */ = {isa = PBXFileReference; fileEncoding = 4; lastKnownFileType = sourcecode.c.h; path = version.h; sourceTree = "<group>"; };
		9A9E9C5020BE80E700B7C92B /* swresample.h */ = {isa = PBXFileReference; fileEncoding = 4; lastKnownFileType = sourcecode.c.h; path = swresample.h; sourceTree = "<group>"; };
		B967BD871E89493700230801 /* FFmpeg命令行.app */ = {isa = PBXFileReference; explicitFileType = wrapper.application; includeInIndex = 0; path = "FFmpeg命令行.app"; sourceTree = BUILT_PRODUCTS_DIR; };
		B967BD8B1E89493700230801 /* main.m */ = {isa = PBXFileReference; lastKnownFileType = sourcecode.c.objc; path = main.m; sourceTree = "<group>"; };
		B967BD8D1E89493700230801 /* AppDelegate.h */ = {isa = PBXFileReference; lastKnownFileType = sourcecode.c.h; path = AppDelegate.h; sourceTree = "<group>"; };
		B967BD8E1E89493700230801 /* AppDelegate.m */ = {isa = PBXFileReference; lastKnownFileType = sourcecode.c.objc; path = AppDelegate.m; sourceTree = "<group>"; };
		B967BD901E89493700230801 /* ViewController.h */ = {isa = PBXFileReference; lastKnownFileType = sourcecode.c.h; path = ViewController.h; sourceTree = "<group>"; };
		B967BD911E89493700230801 /* ViewController.m */ = {isa = PBXFileReference; lastKnownFileType = sourcecode.c.objc; path = ViewController.m; sourceTree = "<group>"; };
		B967BD941E89493700230801 /* Base */ = {isa = PBXFileReference; lastKnownFileType = file.storyboard; name = Base; path = Base.lproj/Main.storyboard; sourceTree = "<group>"; };
		B967BD961E89493700230801 /* Assets.xcassets */ = {isa = PBXFileReference; lastKnownFileType = folder.assetcatalog; path = Assets.xcassets; sourceTree = "<group>"; };
		B967BD991E89493700230801 /* Base */ = {isa = PBXFileReference; lastKnownFileType = file.storyboard; name = Base; path = Base.lproj/LaunchScreen.storyboard; sourceTree = "<group>"; };
		B967BD9B1E89493700230801 /* Info.plist */ = {isa = PBXFileReference; lastKnownFileType = text.plist.xml; path = Info.plist; sourceTree = "<group>"; };
		B967BDA01E89493700230801 /* FFmpeg命令行Tests.xctest */ = {isa = PBXFileReference; explicitFileType = wrapper.cfbundle; includeInIndex = 0; path = "FFmpeg命令行Tests.xctest"; sourceTree = BUILT_PRODUCTS_DIR; };
		B967BDA41E89493700230801 /* FFmpeg___Tests.m */ = {isa = PBXFileReference; lastKnownFileType = sourcecode.c.objc; path = "FFmpeg___Tests.m"; sourceTree = "<group>"; };
		B967BDA61E89493800230801 /* Info.plist */ = {isa = PBXFileReference; lastKnownFileType = text.plist.xml; path = Info.plist; sourceTree = "<group>"; };
		B967BDAB1E89493800230801 /* FFmpeg命令行UITests.xctest */ = {isa = PBXFileReference; explicitFileType = wrapper.cfbundle; includeInIndex = 0; path = "FFmpeg命令行UITests.xctest"; sourceTree = BUILT_PRODUCTS_DIR; };
		B967BDAF1E89493800230801 /* FFmpeg___UITests.m */ = {isa = PBXFileReference; lastKnownFileType = sourcecode.c.objc; path = "FFmpeg___UITests.m"; sourceTree = "<group>"; };
		B967BDB11E89493800230801 /* Info.plist */ = {isa = PBXFileReference; lastKnownFileType = text.plist.xml; path = Info.plist; sourceTree = "<group>"; };
		B967BE391E8949A400230801 /* CoreMedia.framework */ = {isa = PBXFileReference; lastKnownFileType = wrapper.framework; name = CoreMedia.framework; path = System/Library/Frameworks/CoreMedia.framework; sourceTree = SDKROOT; };
		B967BE3B1E8949AB00230801 /* libz.tbd */ = {isa = PBXFileReference; lastKnownFileType = "sourcecode.text-based-dylib-definition"; name = libz.tbd; path = usr/lib/libz.tbd; sourceTree = SDKROOT; };
		B967BE3D1E8949BF00230801 /* libiconv.tbd */ = {isa = PBXFileReference; lastKnownFileType = "sourcecode.text-based-dylib-definition"; name = libiconv.tbd; path = usr/lib/libiconv.tbd; sourceTree = SDKROOT; };
		B967BE3F1E8949CC00230801 /* libbz2.tbd */ = {isa = PBXFileReference; lastKnownFileType = "sourcecode.text-based-dylib-definition"; name = libbz2.tbd; path = usr/lib/libbz2.tbd; sourceTree = SDKROOT; };
		B967BE411E8949D600230801 /* AVFoundation.framework */ = {isa = PBXFileReference; lastKnownFileType = wrapper.framework; name = AVFoundation.framework; path = System/Library/Frameworks/AVFoundation.framework; sourceTree = SDKROOT; };
		B967BE431E89582800230801 /* 1.mp4 */ = {isa = PBXFileReference; lastKnownFileType = file; path = 1.mp4; sourceTree = "<group>"; };
		B9FFD3611E896233005BC2FE /* libc.tbd */ = {isa = PBXFileReference; lastKnownFileType = "sourcecode.text-based-dylib-definition"; name = libc.tbd; path = usr/lib/libc.tbd; sourceTree = SDKROOT; };
		B9FFD3631E89F8DE005BC2FE /* ff.jpg */ = {isa = PBXFileReference; lastKnownFileType = image.jpeg; path = ff.jpg; sourceTree = "<group>"; };
/* End PBXFileReference section */

/* Begin PBXFrameworksBuildPhase section */
		B967BD841E89493700230801 /* Frameworks */ = {
			isa = PBXFrameworksBuildPhase;
			buildActionMask = 2147483647;
			files = (
				9A9E9C5720BE80E700B7C92B /* libswresample.a in Frameworks */,
				9A9E9C5220BE80E700B7C92B /* libavfilter.a in Frameworks */,
				9A49ED9320BB9F73008A7899 /* libc++.tbd in Frameworks */,
				9A9E9C5520BE80E700B7C92B /* libavformat.a in Frameworks */,
				B967BE421E8949D600230801 /* AVFoundation.framework in Frameworks */,
				B967BE401E8949CC00230801 /* libbz2.tbd in Frameworks */,
				9A9E9C5420BE80E700B7C92B /* libFFmpeg.a in Frameworks */,
				B967BE3E1E8949BF00230801 /* libiconv.tbd in Frameworks */,
				9A9E9C5820BE80E700B7C92B /* libswscale.a in Frameworks */,
				9A9E9C5120BE80E700B7C92B /* libavutil.a in Frameworks */,
				B967BE3C1E8949AB00230801 /* libz.tbd in Frameworks */,
				B967BE3A1E8949A400230801 /* CoreMedia.framework in Frameworks */,
				9A9E9C5620BE80E700B7C92B /* libavdevice.a in Frameworks */,
				9A9E9C5320BE80E700B7C92B /* libavcodec.a in Frameworks */,
			);
			runOnlyForDeploymentPostprocessing = 0;
		};
		B967BD9D1E89493700230801 /* Frameworks */ = {
			isa = PBXFrameworksBuildPhase;
			buildActionMask = 2147483647;
			files = (
			);
			runOnlyForDeploymentPostprocessing = 0;
		};
		B967BDA81E89493800230801 /* Frameworks */ = {
			isa = PBXFrameworksBuildPhase;
			buildActionMask = 2147483647;
			files = (
			);
			runOnlyForDeploymentPostprocessing = 0;
		};
/* End PBXFrameworksBuildPhase section */

/* Begin PBXGroup section */
		9A49EC3920BB94E7008A7899 /* FFmpeg-iOS */ = {
			isa = PBXGroup;
			children = (
				9A9E9BDC20BE80E600B7C92B /* include */,
				9A9E9BD320BE80E600B7C92B /* lib */,
			);
			path = "FFmpeg-iOS";
			sourceTree = "<group>";
		};
		9A9E9BD320BE80E600B7C92B /* lib */ = {
			isa = PBXGroup;
			children = (
				9A9E9BD420BE80E600B7C92B /* libavutil.a */,
				9A9E9BD520BE80E600B7C92B /* libavfilter.a */,
				9A9E9BD620BE80E600B7C92B /* libavcodec.a */,
				9A9E9BD720BE80E600B7C92B /* libFFmpeg.a */,
				9A9E9BD820BE80E600B7C92B /* libavformat.a */,
				9A9E9BD920BE80E600B7C92B /* libavdevice.a */,
				9A9E9BDA20BE80E600B7C92B /* libswresample.a */,
				9A9E9BDB20BE80E600B7C92B /* libswscale.a */,
			);
			path = lib;
			sourceTree = "<group>";
		};
		9A9E9BDC20BE80E600B7C92B /* include */ = {
			isa = PBXGroup;
			children = (
				9A9E9BDD20BE80E600B7C92B /* libavfilter */,
				9A9E9BE320BE80E600B7C92B /* libavutil */,
				9A9E9C3220BE80E700B7C92B /* libavdevice */,
				9A9E9C3520BE80E700B7C92B /* libavformat */,
				9A9E9C3920BE80E700B7C92B /* libswscale */,
				9A9E9C3C20BE80E700B7C92B /* libavcodec */,
				9A9E9C4E20BE80E700B7C92B /* libswresample */,
			);
			path = include;
			sourceTree = "<group>";
		};
		9A9E9BDD20BE80E600B7C92B /* libavfilter */ = {
			isa = PBXGroup;
			children = (
				9A9E9BDE20BE80E600B7C92B /* version.h */,
				9A9E9BDF20BE80E600B7C92B /* buffersrc.h */,
				9A9E9BE020BE80E600B7C92B /* buffersink.h */,
				9A9E9BE120BE80E600B7C92B /* avfilter.h */,
				9A9E9BE220BE80E600B7C92B /* avfiltergraph.h */,
			);
			path = libavfilter;
			sourceTree = "<group>";
		};
		9A9E9BE320BE80E600B7C92B /* libavutil */ = {
			isa = PBXGroup;
			children = (
				9A9E9BE420BE80E600B7C92B /* hwcontext.h */,
				9A9E9BE520BE80E600B7C92B /* time.h */,
				9A9E9BE620BE80E600B7C92B /* hwcontext_cuda.h */,
				9A9E9BE720BE80E600B7C92B /* intfloat.h */,
				9A9E9BE820BE80E600B7C92B /* error.h */,
				9A9E9BE920BE80E600B7C92B /* fifo.h */,
				9A9E9BEA20BE80E600B7C92B /* blowfish.h */,
				9A9E9BEB20BE80E600B7C92B /* replaygain.h */,
				9A9E9BEC20BE80E600B7C92B /* version.h */,
				9A9E9BED20BE80E600B7C92B /* murmur3.h */,
				9A9E9BEE20BE80E600B7C92B /* stereo3d.h */,
				9A9E9BEF20BE80E600B7C92B /* samplefmt.h */,
				9A9E9BF020BE80E600B7C92B /* pixdesc.h */,
				9A9E9BF120BE80E600B7C92B /* base64.h */,
				9A9E9BF220BE80E600B7C92B /* rational.h */,
				9A9E9BF320BE80E600B7C92B /* sha.h */,
				9A9E9BF420BE80E600B7C92B /* motion_vector.h */,
				9A9E9BF520BE80E600B7C92B /* avconfig.h */,
				9A9E9BF620BE80E600B7C92B /* lfg.h */,
				9A9E9BF720BE80E600B7C92B /* avutil.h */,
				9A9E9BF820BE80E600B7C92B /* xtea.h */,
				9A9E9BF920BE80E600B7C92B /* crc.h */,
				9A9E9BFA20BE80E600B7C92B /* hwcontext_vdpau.h */,
				9A9E9BFB20BE80E600B7C92B /* frame.h */,
				9A9E9BFC20BE80E600B7C92B /* file.h */,
				9A9E9BFD20BE80E600B7C92B /* md5.h */,
				9A9E9BFE20BE80E600B7C92B /* cast5.h */,
				9A9E9BFF20BE80E600B7C92B /* hwcontext_vaapi.h */,
				9A9E9C0020BE80E600B7C92B /* spherical.h */,
				9A9E9C0120BE80E600B7C92B /* ffversion.h */,
				9A9E9C0220BE80E600B7C92B /* audio_fifo.h */,
				9A9E9C0320BE80E600B7C92B /* tree.h */,
				9A9E9C0420BE80E600B7C92B /* threadmessage.h */,
				9A9E9C0520BE80E600B7C92B /* attributes.h */,
				9A9E9C0620BE80E600B7C92B /* adler32.h */,
				9A9E9C0720BE80E600B7C92B /* hwcontext_d3d11va.h */,
				9A9E9C0820BE80E600B7C92B /* timecode.h */,
				9A9E9C0920BE80E600B7C92B /* sha512.h */,
				9A9E9C0A20BE80E600B7C92B /* hwcontext_dxva2.h */,
				9A9E9C0B20BE80E600B7C92B /* display.h */,
				9A9E9C0C20BE80E600B7C92B /* buffer.h */,
				9A9E9C0D20BE80E600B7C92B /* camellia.h */,
				9A9E9C0E20BE80E600B7C92B /* pixelutils.h */,
				9A9E9C0F20BE80E600B7C92B /* hwcontext_drm.h */,
				9A9E9C1020BE80E600B7C92B /* common.h */,
				9A9E9C1120BE80E600B7C92B /* hmac.h */,
				9A9E9C1220BE80E600B7C92B /* eval.h */,
				9A9E9C1320BE80E600B7C92B /* dict.h */,
				9A9E9C1420BE80E600B7C92B /* random_seed.h */,
				9A9E9C1520BE80E600B7C92B /* opt.h */,
				9A9E9C1620BE80E600B7C92B /* mastering_display_metadata.h */,
				9A9E9C1720BE80E600B7C92B /* log.h */,
				9A9E9C1820BE80E600B7C92B /* aes.h */,
				9A9E9C1920BE80E600B7C92B /* macros.h */,
				9A9E9C1A20BE80E600B7C92B /* bswap.h */,
				9A9E9C1B20BE80E700B7C92B /* rc4.h */,
				9A9E9C1C20BE80E700B7C92B /* tea.h */,
				9A9E9C1D20BE80E700B7C92B /* cpu.h */,
				9A9E9C1E20BE80E700B7C92B /* lzo.h */,
				9A9E9C1F20BE80E700B7C92B /* des.h */,
				9A9E9C2020BE80E700B7C92B /* channel_layout.h */,
				9A9E9C2120BE80E700B7C92B /* twofish.h */,
				9A9E9C2220BE80E700B7C92B /* imgutils.h */,
				9A9E9C2320BE80E700B7C92B /* hwcontext_videotoolbox.h */,
				9A9E9C2420BE80E700B7C92B /* mem.h */,
				9A9E9C2520BE80E700B7C92B /* parseutils.h */,
				9A9E9C2620BE80E700B7C92B /* ripemd.h */,
				9A9E9C2720BE80E700B7C92B /* bprint.h */,
				9A9E9C2820BE80E700B7C92B /* hwcontext_qsv.h */,
				9A9E9C2920BE80E700B7C92B /* pixfmt.h */,
				9A9E9C2A20BE80E700B7C92B /* aes_ctr.h */,
				9A9E9C2B20BE80E700B7C92B /* timestamp.h */,
				9A9E9C2C20BE80E700B7C92B /* downmix_info.h */,
				9A9E9C2D20BE80E700B7C92B /* avassert.h */,
				9A9E9C2E20BE80E700B7C92B /* hash.h */,
				9A9E9C2F20BE80E700B7C92B /* mathematics.h */,
				9A9E9C3020BE80E700B7C92B /* intreadwrite.h */,
				9A9E9C3120BE80E700B7C92B /* avstring.h */,
			);
			path = libavutil;
			sourceTree = "<group>";
		};
		9A9E9C3220BE80E700B7C92B /* libavdevice */ = {
			isa = PBXGroup;
			children = (
				9A9E9C3320BE80E700B7C92B /* version.h */,
				9A9E9C3420BE80E700B7C92B /* avdevice.h */,
			);
			path = libavdevice;
			sourceTree = "<group>";
		};
		9A9E9C3520BE80E700B7C92B /* libavformat */ = {
			isa = PBXGroup;
			children = (
				9A9E9C3620BE80E700B7C92B /* version.h */,
				9A9E9C3720BE80E700B7C92B /* avio.h */,
				9A9E9C3820BE80E700B7C92B /* avformat.h */,
			);
			path = libavformat;
			sourceTree = "<group>";
		};
		9A9E9C3920BE80E700B7C92B /* libswscale */ = {
			isa = PBXGroup;
			children = (
				9A9E9C3A20BE80E700B7C92B /* version.h */,
				9A9E9C3B20BE80E700B7C92B /* swscale.h */,
			);
			path = libswscale;
			sourceTree = "<group>";
		};
		9A9E9C3C20BE80E700B7C92B /* libavcodec */ = {
			isa = PBXGroup;
			children = (
				9A9E9C3D20BE80E700B7C92B /* avcodec.h */,
				9A9E9C3E20BE80E700B7C92B /* version.h */,
				9A9E9C3F20BE80E700B7C92B /* vdpau.h */,
				9A9E9C4020BE80E700B7C92B /* qsv.h */,
				9A9E9C4120BE80E700B7C92B /* vaapi.h */,
				9A9E9C4220BE80E700B7C92B /* videotoolbox.h */,
				9A9E9C4320BE80E700B7C92B /* xvmc.h */,
				9A9E9C4420BE80E700B7C92B /* mediacodec.h */,
				9A9E9C4520BE80E700B7C92B /* d3d11va.h */,
				9A9E9C4620BE80E700B7C92B /* avfft.h */,
				9A9E9C4720BE80E700B7C92B /* vda.h */,
				9A9E9C4820BE80E700B7C92B /* jni.h */,
				9A9E9C4920BE80E700B7C92B /* dirac.h */,
				9A9E9C4A20BE80E700B7C92B /* avdct.h */,
				9A9E9C4B20BE80E700B7C92B /* vorbis_parser.h */,
				9A9E9C4C20BE80E700B7C92B /* dxva2.h */,
				9A9E9C4D20BE80E700B7C92B /* dv_profile.h */,
			);
			path = libavcodec;
			sourceTree = "<group>";
		};
		9A9E9C4E20BE80E700B7C92B /* libswresample */ = {
			isa = PBXGroup;
			children = (
				9A9E9C4F20BE80E700B7C92B /* version.h */,
				9A9E9C5020BE80E700B7C92B /* swresample.h */,
			);
			path = libswresample;
			sourceTree = "<group>";
		};
		B967BD7E1E89493700230801 = {
			isa = PBXGroup;
			children = (
				B967BD891E89493700230801 /* FFmpeg命令行 */,
				B967BDA31E89493700230801 /* FFmpeg命令行Tests */,
				B967BDAE1E89493800230801 /* FFmpeg命令行UITests */,
				B967BD881E89493700230801 /* Products */,
				B967BE381E8949A400230801 /* Frameworks */,
			);
			sourceTree = "<group>";
		};
		B967BD881E89493700230801 /* Products */ = {
			isa = PBXGroup;
			children = (
				B967BD871E89493700230801 /* FFmpeg命令行.app */,
				B967BDA01E89493700230801 /* FFmpeg命令行Tests.xctest */,
				B967BDAB1E89493800230801 /* FFmpeg命令行UITests.xctest */,
			);
			name = Products;
			sourceTree = "<group>";
		};
		B967BD891E89493700230801 /* FFmpeg命令行 */ = {
			isa = PBXGroup;
			children = (
				9A49EC3920BB94E7008A7899 /* FFmpeg-iOS */,
				B967BD8D1E89493700230801 /* AppDelegate.h */,
				B967BD8E1E89493700230801 /* AppDelegate.m */,
				B967BD901E89493700230801 /* ViewController.h */,
				B967BD911E89493700230801 /* ViewController.m */,
				B967BD931E89493700230801 /* Main.storyboard */,
				B967BD961E89493700230801 /* Assets.xcassets */,
				B967BD981E89493700230801 /* LaunchScreen.storyboard */,
				B967BD9B1E89493700230801 /* Info.plist */,
				B9FFD3631E89F8DE005BC2FE /* ff.jpg */,
				B967BE431E89582800230801 /* 1.mp4 */,
				B967BD8A1E89493700230801 /* Supporting Files */,
			);
			path = "FFmpeg命令行";
			sourceTree = "<group>";
		};
		B967BD8A1E89493700230801 /* Supporting Files */ = {
			isa = PBXGroup;
			children = (
				B967BD8B1E89493700230801 /* main.m */,
			);
			name = "Supporting Files";
			sourceTree = "<group>";
		};
		B967BDA31E89493700230801 /* FFmpeg命令行Tests */ = {
			isa = PBXGroup;
			children = (
				B967BDA41E89493700230801 /* FFmpeg___Tests.m */,
				B967BDA61E89493800230801 /* Info.plist */,
			);
			path = "FFmpeg命令行Tests";
			sourceTree = "<group>";
		};
		B967BDAE1E89493800230801 /* FFmpeg命令行UITests */ = {
			isa = PBXGroup;
			children = (
				B967BDAF1E89493800230801 /* FFmpeg___UITests.m */,
				B967BDB11E89493800230801 /* Info.plist */,
			);
			path = "FFmpeg命令行UITests";
			sourceTree = "<group>";
		};
		B967BE381E8949A400230801 /* Frameworks */ = {
			isa = PBXGroup;
			children = (
				9A49ED9220BB9F73008A7899 /* libc++.tbd */,
				B9FFD3611E896233005BC2FE /* libc.tbd */,
				B967BE411E8949D600230801 /* AVFoundation.framework */,
				B967BE3F1E8949CC00230801 /* libbz2.tbd */,
				B967BE3D1E8949BF00230801 /* libiconv.tbd */,
				B967BE3B1E8949AB00230801 /* libz.tbd */,
				B967BE391E8949A400230801 /* CoreMedia.framework */,
			);
			name = Frameworks;
			sourceTree = "<group>";
		};
/* End PBXGroup section */

/* Begin PBXNativeTarget section */
		B967BD861E89493700230801 /* FFmpeg命令行 */ = {
			isa = PBXNativeTarget;
			buildConfigurationList = B967BDB41E89493800230801 /* Build configuration list for PBXNativeTarget "FFmpeg命令行" */;
			buildPhases = (
				B967BD831E89493700230801 /* Sources */,
				B967BD841E89493700230801 /* Frameworks */,
				B967BD851E89493700230801 /* Resources */,
			);
			buildRules = (
			);
			dependencies = (
			);
			name = "FFmpeg命令行";
			productName = "FFmpeg命令行";
			productReference = B967BD871E89493700230801 /* FFmpeg命令行.app */;
			productType = "com.apple.product-type.application";
		};
		B967BD9F1E89493700230801 /* FFmpeg命令行Tests */ = {
			isa = PBXNativeTarget;
			buildConfigurationList = B967BDB71E89493800230801 /* Build configuration list for PBXNativeTarget "FFmpeg命令行Tests" */;
			buildPhases = (
				B967BD9C1E89493700230801 /* Sources */,
				B967BD9D1E89493700230801 /* Frameworks */,
				B967BD9E1E89493700230801 /* Resources */,
			);
			buildRules = (
			);
			dependencies = (
				B967BDA21E89493700230801 /* PBXTargetDependency */,
			);
			name = "FFmpeg命令行Tests";
			productName = "FFmpeg命令行Tests";
			productReference = B967BDA01E89493700230801 /* FFmpeg命令行Tests.xctest */;
			productType = "com.apple.product-type.bundle.unit-test";
		};
		B967BDAA1E89493800230801 /* FFmpeg命令行UITests */ = {
			isa = PBXNativeTarget;
			buildConfigurationList = B967BDBA1E89493800230801 /* Build configuration list for PBXNativeTarget "FFmpeg命令行UITests" */;
			buildPhases = (
				B967BDA71E89493800230801 /* Sources */,
				B967BDA81E89493800230801 /* Frameworks */,
				B967BDA91E89493800230801 /* Resources */,
			);
			buildRules = (
			);
			dependencies = (
				B967BDAD1E89493800230801 /* PBXTargetDependency */,
			);
			name = "FFmpeg命令行UITests";
			productName = "FFmpeg命令行UITests";
			productReference = B967BDAB1E89493800230801 /* FFmpeg命令行UITests.xctest */;
			productType = "com.apple.product-type.bundle.ui-testing";
		};
/* End PBXNativeTarget section */

/* Begin PBXProject section */
		B967BD7F1E89493700230801 /* Project object */ = {
			isa = PBXProject;
			attributes = {
				LastUpgradeCheck = 0820;
				ORGANIZATIONNAME = qinmin;
				TargetAttributes = {
					B967BD861E89493700230801 = {
						CreatedOnToolsVersion = 8.2.1;
						DevelopmentTeam = X3R676LSTG;
						ProvisioningStyle = Automatic;
					};
					B967BD9F1E89493700230801 = {
						CreatedOnToolsVersion = 8.2.1;
						DevelopmentTeam = SP96U9X4RF;
						ProvisioningStyle = Automatic;
						TestTargetID = B967BD861E89493700230801;
					};
					B967BDAA1E89493800230801 = {
						CreatedOnToolsVersion = 8.2.1;
						DevelopmentTeam = SP96U9X4RF;
						ProvisioningStyle = Automatic;
						TestTargetID = B967BD861E89493700230801;
					};
				};
			};
			buildConfigurationList = B967BD821E89493700230801 /* Build configuration list for PBXProject "FFmpeg命令行" */;
			compatibilityVersion = "Xcode 3.2";
			developmentRegion = English;
			hasScannedForEncodings = 0;
			knownRegions = (
				en,
				Base,
			);
			mainGroup = B967BD7E1E89493700230801;
			productRefGroup = B967BD881E89493700230801 /* Products */;
			projectDirPath = "";
			projectRoot = "";
			targets = (
				B967BD861E89493700230801 /* FFmpeg命令行 */,
				B967BD9F1E89493700230801 /* FFmpeg命令行Tests */,
				B967BDAA1E89493800230801 /* FFmpeg命令行UITests */,
			);
		};
/* End PBXProject section */

/* Begin PBXResourcesBuildPhase section */
		B967BD851E89493700230801 /* Resources */ = {
			isa = PBXResourcesBuildPhase;
			buildActionMask = 2147483647;
			files = (
				B9FFD3641E89F8DE005BC2FE /* ff.jpg in Resources */,
				B967BD9A1E89493700230801 /* LaunchScreen.storyboard in Resources */,
				B967BE441E89582800230801 /* 1.mp4 in Resources */,
				B967BD971E89493700230801 /* Assets.xcassets in Resources */,
				B967BD951E89493700230801 /* Main.storyboard in Resources */,
			);
			runOnlyForDeploymentPostprocessing = 0;
		};
		B967BD9E1E89493700230801 /* Resources */ = {
			isa = PBXResourcesBuildPhase;
			buildActionMask = 2147483647;
			files = (
			);
			runOnlyForDeploymentPostprocessing = 0;
		};
		B967BDA91E89493800230801 /* Resources */ = {
			isa = PBXResourcesBuildPhase;
			buildActionMask = 2147483647;
			files = (
			);
			runOnlyForDeploymentPostprocessing = 0;
		};
/* End PBXResourcesBuildPhase section */

/* Begin PBXSourcesBuildPhase section */
		B967BD831E89493700230801 /* Sources */ = {
			isa = PBXSourcesBuildPhase;
			buildActionMask = 2147483647;
			files = (
				B967BD921E89493700230801 /* ViewController.m in Sources */,
				B967BD8F1E89493700230801 /* AppDelegate.m in Sources */,
				B967BD8C1E89493700230801 /* main.m in Sources */,
			);
			runOnlyForDeploymentPostprocessing = 0;
		};
		B967BD9C1E89493700230801 /* Sources */ = {
			isa = PBXSourcesBuildPhase;
			buildActionMask = 2147483647;
			files = (
				B967BDA51E89493700230801 /* FFmpeg___Tests.m in Sources */,
			);
			runOnlyForDeploymentPostprocessing = 0;
		};
		B967BDA71E89493800230801 /* Sources */ = {
			isa = PBXSourcesBuildPhase;
			buildActionMask = 2147483647;
			files = (
				B967BDB01E89493800230801 /* FFmpeg___UITests.m in Sources */,
			);
			runOnlyForDeploymentPostprocessing = 0;
		};
/* End PBXSourcesBuildPhase section */

/* Begin PBXTargetDependency section */
		B967BDA21E89493700230801 /* PBXTargetDependency */ = {
			isa = PBXTargetDependency;
			target = B967BD861E89493700230801 /* FFmpeg命令行 */;
			targetProxy = B967BDA11E89493700230801 /* PBXContainerItemProxy */;
		};
		B967BDAD1E89493800230801 /* PBXTargetDependency */ = {
			isa = PBXTargetDependency;
			target = B967BD861E89493700230801 /* FFmpeg命令行 */;
			targetProxy = B967BDAC1E89493800230801 /* PBXContainerItemProxy */;
		};
/* End PBXTargetDependency section */

/* Begin PBXVariantGroup section */
		B967BD931E89493700230801 /* Main.storyboard */ = {
			isa = PBXVariantGroup;
			children = (
				B967BD941E89493700230801 /* Base */,
			);
			name = Main.storyboard;
			sourceTree = "<group>";
		};
		B967BD981E89493700230801 /* LaunchScreen.storyboard */ = {
			isa = PBXVariantGroup;
			children = (
				B967BD991E89493700230801 /* Base */,
			);
			name = LaunchScreen.storyboard;
			sourceTree = "<group>";
		};
/* End PBXVariantGroup section */

/* Begin XCBuildConfiguration section */
		B967BDB21E89493800230801 /* Debug */ = {
			isa = XCBuildConfiguration;
			buildSettings = {
				ALWAYS_SEARCH_USER_PATHS = NO;
				CLANG_ANALYZER_NONNULL = YES;
				CLANG_CXX_LANGUAGE_STANDARD = "gnu++0x";
				CLANG_CXX_LIBRARY = "libc++";
				CLANG_ENABLE_MODULES = YES;
				CLANG_ENABLE_OBJC_ARC = YES;
				CLANG_WARN_BOOL_CONVERSION = YES;
				CLANG_WARN_CONSTANT_CONVERSION = YES;
				CLANG_WARN_DIRECT_OBJC_ISA_USAGE = YES_ERROR;
				CLANG_WARN_DOCUMENTATION_COMMENTS = YES;
				CLANG_WARN_EMPTY_BODY = YES;
				CLANG_WARN_ENUM_CONVERSION = YES;
				CLANG_WARN_INFINITE_RECURSION = YES;
				CLANG_WARN_INT_CONVERSION = YES;
				CLANG_WARN_OBJC_ROOT_CLASS = YES_ERROR;
				CLANG_WARN_SUSPICIOUS_MOVE = YES;
				CLANG_WARN_UNREACHABLE_CODE = YES;
				CLANG_WARN__DUPLICATE_METHOD_MATCH = YES;
				"CODE_SIGN_IDENTITY[sdk=iphoneos*]" = "iPhone Developer";
				COPY_PHASE_STRIP = NO;
				DEBUG_INFORMATION_FORMAT = dwarf;
				ENABLE_STRICT_OBJC_MSGSEND = YES;
				ENABLE_TESTABILITY = YES;
				GCC_C_LANGUAGE_STANDARD = gnu99;
				GCC_DYNAMIC_NO_PIC = NO;
				GCC_NO_COMMON_BLOCKS = YES;
				GCC_OPTIMIZATION_LEVEL = 0;
				GCC_PREPROCESSOR_DEFINITIONS = (
					"DEBUG=1",
					"$(inherited)",
				);
				GCC_WARN_64_TO_32_BIT_CONVERSION = YES;
				GCC_WARN_ABOUT_RETURN_TYPE = YES_ERROR;
				GCC_WARN_UNDECLARED_SELECTOR = YES;
				GCC_WARN_UNINITIALIZED_AUTOS = YES_AGGRESSIVE;
				GCC_WARN_UNUSED_FUNCTION = YES;
				GCC_WARN_UNUSED_VARIABLE = YES;
				IPHONEOS_DEPLOYMENT_TARGET = 10.2;
				MTL_ENABLE_DEBUG_INFO = YES;
				ONLY_ACTIVE_ARCH = YES;
				SDKROOT = iphoneos;
			};
			name = Debug;
		};
		B967BDB31E89493800230801 /* Release */ = {
			isa = XCBuildConfiguration;
			buildSettings = {
				ALWAYS_SEARCH_USER_PATHS = NO;
				CLANG_ANALYZER_NONNULL = YES;
				CLANG_CXX_LANGUAGE_STANDARD = "gnu++0x";
				CLANG_CXX_LIBRARY = "libc++";
				CLANG_ENABLE_MODULES = YES;
				CLANG_ENABLE_OBJC_ARC = YES;
				CLANG_WARN_BOOL_CONVERSION = YES;
				CLANG_WARN_CONSTANT_CONVERSION = YES;
				CLANG_WARN_DIRECT_OBJC_ISA_USAGE = YES_ERROR;
				CLANG_WARN_DOCUMENTATION_COMMENTS = YES;
				CLANG_WARN_EMPTY_BODY = YES;
				CLANG_WARN_ENUM_CONVERSION = YES;
				CLANG_WARN_INFINITE_RECURSION = YES;
				CLANG_WARN_INT_CONVERSION = YES;
				CLANG_WARN_OBJC_ROOT_CLASS = YES_ERROR;
				CLANG_WARN_SUSPICIOUS_MOVE = YES;
				CLANG_WARN_UNREACHABLE_CODE = YES;
				CLANG_WARN__DUPLICATE_METHOD_MATCH = YES;
				"CODE_SIGN_IDENTITY[sdk=iphoneos*]" = "iPhone Developer";
				COPY_PHASE_STRIP = NO;
				DEBUG_INFORMATION_FORMAT = "dwarf-with-dsym";
				ENABLE_NS_ASSERTIONS = NO;
				ENABLE_STRICT_OBJC_MSGSEND = YES;
				GCC_C_LANGUAGE_STANDARD = gnu99;
				GCC_NO_COMMON_BLOCKS = YES;
				GCC_WARN_64_TO_32_BIT_CONVERSION = YES;
				GCC_WARN_ABOUT_RETURN_TYPE = YES_ERROR;
				GCC_WARN_UNDECLARED_SELECTOR = YES;
				GCC_WARN_UNINITIALIZED_AUTOS = YES_AGGRESSIVE;
				GCC_WARN_UNUSED_FUNCTION = YES;
				GCC_WARN_UNUSED_VARIABLE = YES;
				IPHONEOS_DEPLOYMENT_TARGET = 10.2;
				MTL_ENABLE_DEBUG_INFO = NO;
				SDKROOT = iphoneos;
				VALIDATE_PRODUCT = YES;
			};
			name = Release;
		};
		B967BDB51E89493800230801 /* Debug */ = {
			isa = XCBuildConfiguration;
			buildSettings = {
				ASSETCATALOG_COMPILER_APPICON_NAME = AppIcon;
				DEVELOPMENT_TEAM = X3R676LSTG;
				FRAMEWORK_SEARCH_PATHS = (
					"$(inherited)",
					"$(PROJECT_DIR)/FFmpeg命令行/FFmpeg-iOS",
				);
				HEADER_SEARCH_PATHS = "\"$(SRCROOT)/FFmpeg命令行/FFmpeg-iOS/include\"";
				INFOPLIST_FILE = "FFmpeg命令行/Info.plist";
				IPHONEOS_DEPLOYMENT_TARGET = 9.0;
				LD_RUNPATH_SEARCH_PATHS = "$(inherited) @executable_path/Frameworks";
				LIBRARY_SEARCH_PATHS = (
					"$(inherited)",
					"$(PROJECT_DIR)/FFmpeg命令行/FFmpeg-iOS/lib",
				);
				PRODUCT_BUNDLE_IDENTIFIER = com.ffmpeg.test;
				PRODUCT_NAME = "$(TARGET_NAME)";
			};
			name = Debug;
		};
		B967BDB61E89493800230801 /* Release */ = {
			isa = XCBuildConfiguration;
			buildSettings = {
				ASSETCATALOG_COMPILER_APPICON_NAME = AppIcon;
				DEVELOPMENT_TEAM = X3R676LSTG;
				FRAMEWORK_SEARCH_PATHS = (
					"$(inherited)",
					"$(PROJECT_DIR)/FFmpeg命令行/FFmpeg-iOS",
				);
				HEADER_SEARCH_PATHS = "\"$(SRCROOT)/FFmpeg命令行/FFmpeg-iOS/include\"";
				INFOPLIST_FILE = "FFmpeg命令行/Info.plist";
				IPHONEOS_DEPLOYMENT_TARGET = 9.0;
				LD_RUNPATH_SEARCH_PATHS = "$(inherited) @executable_path/Frameworks";
				LIBRARY_SEARCH_PATHS = (
					"$(inherited)",
					"$(PROJECT_DIR)/FFmpeg命令行/FFmpeg-iOS/lib",
				);
				PRODUCT_BUNDLE_IDENTIFIER = com.ffmpeg.test;
				PRODUCT_NAME = "$(TARGET_NAME)";
			};
			name = Release;
		};
		B967BDB81E89493800230801 /* Debug */ = {
			isa = XCBuildConfiguration;
			buildSettings = {
				BUNDLE_LOADER = "$(TEST_HOST)";
				DEVELOPMENT_TEAM = SP96U9X4RF;
				INFOPLIST_FILE = "FFmpeg命令行Tests/Info.plist";
				LD_RUNPATH_SEARCH_PATHS = "$(inherited) @executable_path/Frameworks @loader_path/Frameworks";
				PRODUCT_BUNDLE_IDENTIFIER = "com.shanhujiang.FFmpeg---Tests";
				PRODUCT_NAME = "$(TARGET_NAME)";
				TEST_HOST = "$(BUILT_PRODUCTS_DIR)/FFmpeg命令行.app/FFmpeg命令行";
			};
			name = Debug;
		};
		B967BDB91E89493800230801 /* Release */ = {
			isa = XCBuildConfiguration;
			buildSettings = {
				BUNDLE_LOADER = "$(TEST_HOST)";
				DEVELOPMENT_TEAM = SP96U9X4RF;
				INFOPLIST_FILE = "FFmpeg命令行Tests/Info.plist";
				LD_RUNPATH_SEARCH_PATHS = "$(inherited) @executable_path/Frameworks @loader_path/Frameworks";
				PRODUCT_BUNDLE_IDENTIFIER = "com.shanhujiang.FFmpeg---Tests";
				PRODUCT_NAME = "$(TARGET_NAME)";
				TEST_HOST = "$(BUILT_PRODUCTS_DIR)/FFmpeg命令行.app/FFmpeg命令行";
			};
			name = Release;
		};
		B967BDBB1E89493800230801 /* Debug */ = {
			isa = XCBuildConfiguration;
			buildSettings = {
				DEVELOPMENT_TEAM = SP96U9X4RF;
				INFOPLIST_FILE = "FFmpeg命令行UITests/Info.plist";
				LD_RUNPATH_SEARCH_PATHS = "$(inherited) @executable_path/Frameworks @loader_path/Frameworks";
				PRODUCT_BUNDLE_IDENTIFIER = "com.shanhujiang.FFmpeg---UITests";
				PRODUCT_NAME = "$(TARGET_NAME)";
				TEST_TARGET_NAME = "FFmpeg命令行";
			};
			name = Debug;
		};
		B967BDBC1E89493800230801 /* Release */ = {
			isa = XCBuildConfiguration;
			buildSettings = {
				DEVELOPMENT_TEAM = SP96U9X4RF;
				INFOPLIST_FILE = "FFmpeg命令行UITests/Info.plist";
				LD_RUNPATH_SEARCH_PATHS = "$(inherited) @executable_path/Frameworks @loader_path/Frameworks";
				PRODUCT_BUNDLE_IDENTIFIER = "com.shanhujiang.FFmpeg---UITests";
				PRODUCT_NAME = "$(TARGET_NAME)";
				TEST_TARGET_NAME = "FFmpeg命令行";
			};
			name = Release;
		};
/* End XCBuildConfiguration section */

/* Begin XCConfigurationList section */
		B967BD821E89493700230801 /* Build configuration list for PBXProject "FFmpeg命令行" */ = {
			isa = XCConfigurationList;
			buildConfigurations = (
				B967BDB21E89493800230801 /* Debug */,
				B967BDB31E89493800230801 /* Release */,
			);
			defaultConfigurationIsVisible = 0;
			defaultConfigurationName = Release;
		};
		B967BDB41E89493800230801 /* Build configuration list for PBXNativeTarget "FFmpeg命令行" */ = {
			isa = XCConfigurationList;
			buildConfigurations = (
				B967BDB51E89493800230801 /* Debug */,
				B967BDB61E89493800230801 /* Release */,
			);
			defaultConfigurationIsVisible = 0;
			defaultConfigurationName = Release;
		};
		B967BDB71E89493800230801 /* Build configuration list for PBXNativeTarget "FFmpeg命令行Tests" */ = {
			isa = XCConfigurationList;
			buildConfigurations = (
				B967BDB81E89493800230801 /* Debug */,
				B967BDB91E89493800230801 /* Release */,
			);
			defaultConfigurationIsVisible = 0;
			defaultConfigurationName = Release;
		};
		B967BDBA1E89493800230801 /* Build configuration list for PBXNativeTarget "FFmpeg命令行UITests" */ = {
			isa = XCConfigurationList;
			buildConfigurations = (
				B967BDBB1E89493800230801 /* Debug */,
				B967BDBC1E89493800230801 /* Release */,
			);
			defaultConfigurationIsVisible = 0;
			defaultConfigurationName = Release;
		};
/* End XCConfigurationList section */
	};
	rootObject = B967BD7F1E89493700230801 /* Project object */;
}
